
Microsoft Visual Studio Solution File, Format Version 12.00
Project("{FAE04EC0-301F-11D3-BF4B-00C04F79EFBC}") = "dotnetApiToRedis", "dotnetApiToRedis\dotnetApiToRedis.csproj", "{0D333EE5-4A7E-4EF8-B0BE-726DFDB24A9B}"
EndProject
Global
	GlobalSection(SolutionConfigurationPlatforms) = preSolution
		Debug|Any CPU = Debug|Any CPU
		Release|Any CPU = Release|Any CPU
	EndGlobalSection
	GlobalSection(ProjectConfigurationPlatforms) = postSolution
		{0D333EE5-4A7E-4EF8-B0BE-726DFDB24A9B}.Debug|Any CPU.ActiveCfg = Debug|Any CPU
		{0D333EE5-4A7E-4EF8-B0BE-726DFDB24A9B}.Debug|Any CPU.Build.0 = Debug|Any CPU
		{0D333EE5-4A7E-4EF8-B0BE-726DFDB24A9B}.Release|Any CPU.ActiveCfg = Release|Any CPU
		{0D333EE5-4A7E-4EF8-B0BE-726DFDB24A9B}.Release|Any CPU.Build.0 = Release|Any CPU
	EndGlobalSection
EndGlobal
